PODS:
  - Alamofire (5.3.0)
  - MSAL (1.1.25):
    - MSAL/app-lib (= 1.1.25)
  - MSAL/app-lib (1.1.25)
  - SwiftyJSON (4.3.0)

DEPENDENCIES:
  - Alamofire (~> 5.2)
  - MSAL
  - SwiftyJSON (~> 4.0)

SPEC REPOS:
  trunk:
    - Alamofire
    - MSAL
    - SwiftyJSON

SPEC CHECKSUMS:
  Alamofire: 2c792affbdc2f18016e08fdbcacd60aebe1ba593
  MSAL: e6996d8971d96ee0d1b95df8dd2599a541285744
  SwiftyJSON: 6faa0040f8b59dead0ee07436cbf76b73c08fd08

PODFILE CHECKSUM: 157d298b1c5f482b30d1c9931b1dd43c361e3fff

COCOAPODS: 1.10.0
